
Microsoft Visual Studio Solution File, Format Version 12.00
# Visual Studio Version 16
VisualStudioVersion = 16.0.28705.295
MinimumVisualStudioVersion = 10.0.40219.1
Project("{FAE04EC0-301F-11D3-BF4B-00C04F79EFBC}") = "PGTest", "PGTest\PGTest.csproj", "{379059C6-2513-44CA-97FF-ADF7ADEE08DD}"
EndProject
Global
	GlobalSection(SolutionConfigurationPlatforms) = preSolution
		Debug|Any CPU = Debug|Any CPU
		Release|Any CPU = Release|Any CPU
	EndGlobalSection
	GlobalSection(ProjectConfigurationPlatforms) = postSolution
		{379059C6-2513-44CA-97FF-ADF7ADEE08DD}.Debug|Any CPU.ActiveCfg = Debug|Any CPU
		{379059C6-2513-44CA-97FF-ADF7ADEE08DD}.Debug|Any CPU.Build.0 = Debug|Any CPU
		{379059C6-2513-44CA-97FF-ADF7ADEE08DD}.Release|Any CPU.ActiveCfg = Release|Any CPU
		{379059C6-2513-44CA-97FF-ADF7ADEE08DD}.Release|Any CPU.Build.0 = Release|Any CPU
	EndGlobalSection
	GlobalSection(SolutionProperties) = preSolution
		HideSolutionNode = FALSE
	EndGlobalSection
	GlobalSection(ExtensibilityGlobals) = postSolution
		SolutionGuid = {25E65B9B-ADD9-45A9-A28C-160F6EAAE516}
	EndGlobalSection
EndGlobal
